// !$*UTF8*$!
{
	archiveVersion = 1;
	classes = {
	};
	objectVersion = 56;
	objects = {

/* Begin PBXBuildFile section */
		338B11342A25F31D00949D35 /* AppDelegate.swift in Sources */ = {isa = PBXBuildFile; fileRef = 338B11332A25F31D00949D35 /* AppDelegate.swift */; };
		338B11362A25F31D00949D35 /* SceneDelegate.swift in Sources */ = {isa = PBXBuildFile; fileRef = 338B11352A25F31D00949D35 /* SceneDelegate.swift */; };
		338B11382A25F31D00949D35 /* ViewController.swift in Sources */ = {isa = PBXBuildFile; fileRef = 338B11372A25F31D00949D35 /* ViewController.swift */; };
		338B113B2A25F31D00949D35 /* Main.storyboard in Resources */ = {isa = PBXBuildFile; fileRef = 338B11392A25F31D00949D35 /* Main.storyboard */; };
		338B113D2A25F31E00949D35 /* Assets.xcassets in Resources */ = {isa = PBXBuildFile; fileRef = 338B113C2A25F31E00949D35 /* Assets.xcassets */; };
		338B11402A25F31E00949D35 /* LaunchScreen.storyboard in Resources */ = {isa = PBXBuildFile; fileRef = 338B113E2A25F31E00949D35 /* LaunchScreen.storyboard */; };
		338B114B2A25F31F00949D35 /* first_appTests.swift in Sources */ = {isa = PBXBuildFile; fileRef = 338B114A2A25F31F00949D35 /* first_appTests.swift */; };
		338B11552A25F31F00949D35 /* first_appUITests.swift in Sources */ = {isa = PBXBuildFile; fileRef = 338B11542A25F31F00949D35 /* first_appUITests.swift */; };
		338B11572A25F31F00949D35 /* first_appUITestsLaunchTests.swift in Sources */ = {isa = PBXBuildFile; fileRef = 338B11562A25F31F00949D35 /* first_appUITestsLaunchTests.swift */; };
/* End PBXBuildFile section */

/* Begin PBXContainerItemProxy section */
		338B11472A25F31F00949D35 /* PBXContainerItemProxy */ = {
			isa = PBXContainerItemProxy;
			containerPortal = 338B11282A25F31D00949D35 /* Project object */;
			proxyType = 1;
			remoteGlobalIDString = 338B112F2A25F31D00949D35;
			remoteInfo = first_app;
		};
		338B11512A25F31F00949D35 /* PBXContainerItemProxy */ = {
			isa = PBXContainerItemProxy;
			containerPortal = 338B11282A25F31D00949D35 /* Project object */;
			proxyType = 1;
			remoteGlobalIDString = 338B112F2A25F31D00949D35;
			remoteInfo = first_app;
		};
/* End PBXContainerItemProxy section */

/* Begin PBXFileReference section */
		338B11302A25F31D00949D35 /* first_app.app */ = {isa = PBXFileReference; explicitFileType = wrapper.application; includeInIndex = 0; path = first_app.app; sourceTree = BUILT_PRODUCTS_DIR; };
		338B11332A25F31D00949D35 /* AppDelegate.swift */ = {isa = PBXFileReference; lastKnownFileType = sourcecode.swift; path = AppDelegate.swift; sourceTree = "<group>"; };
		338B11352A25F31D00949D35 /* SceneDelegate.swift */ = {isa = PBXFileReference; lastKnownFileType = sourcecode.swift; path = SceneDelegate.swift; sourceTree = "<group>"; };
		338B11372A25F31D00949D35 /* ViewController.swift */ = {isa = PBXFileReference; lastKnownFileType = sourcecode.swift; path = ViewController.swift; sourceTree = "<group>"; };
		338B113A2A25F31D00949D35 /* Base */ = {isa = PBXFileReference; lastKnownFileType = file.storyboard; name = Base; path = Base.lproj/Main.storyboard; sourceTree = "<group>"; };
		338B113C2A25F31E00949D35 /* Assets.xcassets */ = {isa = PBXFileReference; lastKnownFileType = folder.assetcatalog; path = Assets.xcassets; sourceTree = "<group>"; };
		338B113F2A25F31E00949D35 /* Base */ = {isa = PBXFileReference; lastKnownFileType = file.storyboard; name = Base; path = Base.lproj/LaunchScreen.storyboard; sourceTree = "<group>"; };
		338B11412A25F31E00949D35 /* Info.plist */ = {isa = PBXFileReference; lastKnownFileType = text.plist.xml; path = Info.plist; sourceTree = "<group>"; };
		338B11462A25F31F00949D35 /* first_appTests.xctest */ = {isa = PBXFileReference; explicitFileType = wrapper.cfbundle; includeInIndex = 0; path = first_appTests.xctest; sourceTree = BUILT_PRODUCTS_DIR; };
		338B114A2A25F31F00949D35 /* first_appTests.swift */ = {isa = PBXFileReference; lastKnownFileType = sourcecode.swift; path = first_appTests.swift; sourceTree = "<group>"; };
		338B11502A25F31F00949D35 /* first_appUITests.xctest */ = {isa = PBXFileReference; explicitFileType = wrapper.cfbundle; includeInIndex = 0; path = first_appUITests.xctest; sourceTree = BUILT_PRODUCTS_DIR; };
		338B11542A25F31F00949D35 /* first_appUITests.swift */ = {isa = PBXFileReference; lastKnownFileType = sourcecode.swift; path = first_appUITests.swift; sourceTree = "<group>"; };
		338B11562A25F31F00949D35 /* first_appUITestsLaunchTests.swift */ = {isa = PBXFileReference; lastKnownFileType = sourcecode.swift; path = first_appUITestsLaunchTests.swift; sourceTree = "<group>"; };
/* End PBXFileReference section */

/* Begin PBXFrameworksBuildPhase section */
		338B112D2A25F31D00949D35 /* Frameworks */ = {
			isa = PBXFrameworksBuildPhase;
			buildActionMask = 2147483647;
			files = (
			);
			runOnlyForDeploymentPostprocessing = 0;
		};
		338B11432A25F31F00949D35 /* Frameworks */ = {
			isa = PBXFrameworksBuildPhase;
			buildActionMask = 2147483647;
			files = (
			);
			runOnlyForDeploymentPostprocessing = 0;
		};
		338B114D2A25F31F00949D35 /* Frameworks */ = {
			isa = PBXFrameworksBuildPhase;
			buildActionMask = 2147483647;
			files = (
			);
			runOnlyForDeploymentPostprocessing = 0;
		};
/* End PBXFrameworksBuildPhase section */

/* Begin PBXGroup section */
		338B11272A25F31D00949D35 = {
			isa = PBXGroup;
			children = (
				338B11322A25F31D00949D35 /* first_app */,
				338B11492A25F31F00949D35 /* first_appTests */,
				338B11532A25F31F00949D35 /* first_appUITests */,
				338B11312A25F31D00949D35 /* Products */,
			);
			sourceTree = "<group>";
		};
		338B11312A25F31D00949D35 /* Products */ = {
			isa = PBXGroup;
			children = (
				338B11302A25F31D00949D35 /* first_app.app */,
				338B11462A25F31F00949D35 /* first_appTests.xctest */,
				338B11502A25F31F00949D35 /* first_appUITests.xctest */,
			);
			name = Products;
			sourceTree = "<group>";
		};
		338B11322A25F31D00949D35 /* first_app */ = {
			isa = PBXGroup;
			children = (
				338B11332A25F31D00949D35 /* AppDelegate.swift */,
				338B11352A25F31D00949D35 /* SceneDelegate.swift */,
				338B11372A25F31D00949D35 /* ViewController.swift */,
				338B11392A25F31D00949D35 /* Main.storyboard */,
				338B113C2A25F31E00949D35 /* Assets.xcassets */,
				338B113E2A25F31E00949D35 /* LaunchScreen.storyboard */,
				338B11412A25F31E00949D35 /* Info.plist */,
			);
			path = first_app;
			sourceTree = "<group>";
		};
		338B11492A25F31F00949D35 /* first_appTests */ = {
			isa = PBXGroup;
			children = (
				338B114A2A25F31F00949D35 /* first_appTests.swift */,
			);
			path = first_appTests;
			sourceTree = "<group>";
		};
		338B11532A25F31F00949D35 /* first_appUITests */ = {
			isa = PBXGroup;
			children = (
				338B11542A25F31F00949D35 /* first_appUITests.swift */,
				338B11562A25F31F00949D35 /* first_appUITestsLaunchTests.swift */,
			);
			path = first_appUITests;
			sourceTree = "<group>";
		};
/* End PBXGroup section */

/* Begin PBXNativeTarget section */
		338B112F2A25F31D00949D35 /* first_app */ = {
			isa = PBXNativeTarget;
			buildConfigurationList = 338B115A2A25F31F00949D35 /* Build configuration list for PBXNativeTarget "first_app" */;
			buildPhases = (
				338B112C2A25F31D00949D35 /* Sources */,
				338B112D2A25F31D00949D35 /* Frameworks */,
				338B112E2A25F31D00949D35 /* Resources */,
			);
			buildRules = (
			);
			dependencies = (
			);
			name = first_app;
			productName = first_app;
			productReference = 338B11302A25F31D00949D35 /* first_app.app */;
			productType = "com.apple.product-type.application";
		};
		338B11452A25F31F00949D35 /* first_appTests */ = {
			isa = PBXNativeTarget;
			buildConfigurationList = 338B115D2A25F31F00949D35 /* Build configuration list for PBXNativeTarget "first_appTests" */;
			buildPhases = (
				338B11422A25F31F00949D35 /* Sources */,
				338B11432A25F31F00949D35 /* Frameworks */,
				338B11442A25F31F00949D35 /* Resources */,
			);
			buildRules = (
			);
			dependencies = (
				338B11482A25F31F00949D35 /* PBXTargetDependency */,
			);
			name = first_appTests;
			productName = first_appTests;
			productReference = 338B11462A25F31F00949D35 /* first_appTests.xctest */;
			productType = "com.apple.product-type.bundle.unit-test";
		};
		338B114F2A25F31F00949D35 /* first_appUITests */ = {
			isa = PBXNativeTarget;
			buildConfigurationList = 338B11602A25F31F00949D35 /* Build configuration list for PBXNativeTarget "first_appUITests" */;
			buildPhases = (
				338B114C2A25F31F00949D35 /* Sources */,
				338B114D2A25F31F00949D35 /* Frameworks */,
				338B114E2A25F31F00949D35 /* Resources */,
			);
			buildRules = (
			);
			dependencies = (
				338B11522A25F31F00949D35 /* PBXTargetDependency */,
			);
			name = first_appUITests;
			productName = first_appUITests;
			productReference = 338B11502A25F31F00949D35 /* first_appUITests.xctest */;
			productType = "com.apple.product-type.bundle.ui-testing";
		};
/* End PBXNativeTarget section */

/* Begin PBXProject section */
		338B11282A25F31D00949D35 /* Project object */ = {
			isa = PBXProject;
			attributes = {
				BuildIndependentTargetsInParallel = 1;
				LastSwiftUpdateCheck = 1400;
				LastUpgradeCheck = 1400;
				TargetAttributes = {
					338B112F2A25F31D00949D35 = {
						CreatedOnToolsVersion = 14.0.1;
					};
					338B11452A25F31F00949D35 = {
						CreatedOnToolsVersion = 14.0.1;
						TestTargetID = 338B112F2A25F31D00949D35;
					};
					338B114F2A25F31F00949D35 = {
						CreatedOnToolsVersion = 14.0.1;
						TestTargetID = 338B112F2A25F31D00949D35;
					};
				};
			};
			buildConfigurationList = 338B112B2A25F31D00949D35 /* Build configuration list for PBXProject "first_app" */;
			compatibilityVersion = "Xcode 14.0";
			developmentRegion = en;
			hasScannedForEncodings = 0;
			knownRegions = (
				en,
				Base,
			);
			mainGroup = 338B11272A25F31D00949D35;
			productRefGroup = 338B11312A25F31D00949D35 /* Products */;
			projectDirPath = "";
			projectRoot = "";
			targets = (
				338B112F2A25F31D00949D35 /* first_app */,
				338B11452A25F31F00949D35 /* first_appTests */,
				338B114F2A25F31F00949D35 /* first_appUITests */,
			);
		};
/* End PBXProject section */

/* Begin PBXResourcesBuildPhase section */
		338B112E2A25F31D00949D35 /* Resources */ = {
			isa = PBXResourcesBuildPhase;
			buildActionMask = 2147483647;
			files = (
				338B11402A25F31E00949D35 /* LaunchScreen.storyboard in Resources */,
				338B113D2A25F31E00949D35 /* Assets.xcassets in Resources */,
				338B113B2A25F31D00949D35 /* Main.storyboard in Resources */,
			);
			runOnlyForDeploymentPostprocessing = 0;
		};
		338B11442A25F31F00949D35 /* Resources */ = {
			isa = PBXResourcesBuildPhase;
			buildActionMask = 2147483647;
			files = (
			);
			runOnlyForDeploymentPostprocessing = 0;
		};
		338B114E2A25F31F00949D35 /* Resources */ = {
			isa = PBXResourcesBuildPhase;
			buildActionMask = 2147483647;
			files = (
			);
			runOnlyForDeploymentPostprocessing = 0;
		};
/* End PBXResourcesBuildPhase section */

/* Begin PBXSourcesBuildPhase section */
		338B112C2A25F31D00949D35 /* Sources */ = {
			isa = PBXSourcesBuildPhase;
			buildActionMask = 2147483647;
			files = (
				338B11382A25F31D00949D35 /* ViewController.swift in Sources */,
				338B11342A25F31D00949D35 /* AppDelegate.swift in Sources */,
				338B11362A25F31D00949D35 /* SceneDelegate.swift in Sources */,
			);
			runOnlyForDeploymentPostprocessing = 0;
		};
		338B11422A25F31F00949D35 /* Sources */ = {
			isa = PBXSourcesBuildPhase;
			buildActionMask = 2147483647;
			files = (
				338B114B2A25F31F00949D35 /* first_appTests.swift in Sources */,
			);
			runOnlyForDeploymentPostprocessing = 0;
		};
		338B114C2A25F31F00949D35 /* Sources */ = {
			isa = PBXSourcesBuildPhase;
			buildActionMask = 2147483647;
			files = (
				338B11552A25F31F00949D35 /* first_appUITests.swift in Sources */,
				338B11572A25F31F00949D35 /* first_appUITestsLaunchTests.swift in Sources */,
			);
			runOnlyForDeploymentPostprocessing = 0;
		};
/* End PBXSourcesBuildPhase section */

/* Begin PBXTargetDependency section */
		338B11482A25F31F00949D35 /* PBXTargetDependency */ = {
			isa = PBXTargetDependency;
			target = 338B112F2A25F31D00949D35 /* first_app */;
			targetProxy = 338B11472A25F31F00949D35 /* PBXContainerItemProxy */;
		};
		338B11522A25F31F00949D35 /* PBXTargetDependency */ = {
			isa = PBXTargetDependency;
			target = 338B112F2A25F31D00949D35 /* first_app */;
			targetProxy = 338B11512A25F31F00949D35 /* PBXContainerItemProxy */;
		};
/* End PBXTargetDependency section */

/* Begin PBXVariantGroup section */
		338B11392A25F31D00949D35 /* Main.storyboard */ = {
			isa = PBXVariantGroup;
			children = (
				338B113A2A25F31D00949D35 /* Base */,
			);
			name = Main.storyboard;
			sourceTree = "<group>";
		};
		338B113E2A25F31E00949D35 /* LaunchScreen.storyboard */ = {
			isa = PBXVariantGroup;
			children = (
				338B113F2A25F31E00949D35 /* Base */,
			);
			name = LaunchScreen.storyboard;
			sourceTree = "<group>";
		};
/* End PBXVariantGroup section */

/* Begin XCBuildConfiguration section */
		338B11582A25F31F00949D35 /* Debug */ = {
			isa = XCBuildConfiguration;
			buildSettings = {
				ALWAYS_SEARCH_USER_PATHS = NO;
				CLANG_ANALYZER_NONNULL = YES;
				CLANG_ANALYZER_NUMBER_OBJECT_CONVERSION = YES_AGGRESSIVE;
				CLANG_CXX_LANGUAGE_STANDARD = "gnu++20";
				CLANG_ENABLE_MODULES = YES;
				CLANG_ENABLE_OBJC_ARC = YES;
				CLANG_ENABLE_OBJC_WEAK = YES;
				CLANG_WARN_BLOCK_CAPTURE_AUTORELEASING = YES;
				CLANG_WARN_BOOL_CONVERSION = YES;
				CLANG_WARN_COMMA = YES;
				CLANG_WARN_CONSTANT_CONVERSION = YES;
				CLANG_WARN_DEPRECATED_OBJC_IMPLEMENTATIONS = YES;
				CLANG_WARN_DIRECT_OBJC_ISA_USAGE = YES_ERROR;
				CLANG_WARN_DOCUMENTATION_COMMENTS = YES;
				CLANG_WARN_EMPTY_BODY = YES;
				CLANG_WARN_ENUM_CONVERSION = YES;
				CLANG_WARN_INFINITE_RECURSION = YES;
				CLANG_WARN_INT_CONVERSION = YES;
				CLANG_WARN_NON_LITERAL_NULL_CONVERSION = YES;
				CLANG_WARN_OBJC_IMPLICIT_RETAIN_SELF = YES;
				CLANG_WARN_OBJC_LITERAL_CONVERSION = YES;
				CLANG_WARN_OBJC_ROOT_CLASS = YES_ERROR;
				CLANG_WARN_QUOTED_INCLUDE_IN_FRAMEWORK_HEADER = YES;
				CLANG_WARN_RANGE_LOOP_ANALYSIS = YES;
				CLANG_WARN_STRICT_PROTOTYPES = YES;
				CLANG_WARN_SUSPICIOUS_MOVE = YES;
				CLANG_WARN_UNGUARDED_AVAILABILITY = YES_AGGRESSIVE;
				CLANG_WARN_UNREACHABLE_CODE = YES;
				CLANG_WARN__DUPLICATE_METHOD_MATCH = YES;
				COPY_PHASE_STRIP = NO;
				DEBUG_INFORMATION_FORMAT = dwarf;
				ENABLE_STRICT_OBJC_MSGSEND = YES;
				ENABLE_TESTABILITY = YES;
				GCC_C_LANGUAGE_STANDARD = gnu11;
				GCC_DYNAMIC_NO_PIC = NO;
				GCC_NO_COMMON_BLOCKS = YES;
				GCC_OPTIMIZATION_LEVEL = 0;
				GCC_PREPROCESSOR_DEFINITIONS = (
					"DEBUG=1",
					"$(inherited)",
				);
				GCC_WARN_64_TO_32_BIT_CONVERSION = YES;
				GCC_WARN_ABOUT_RETURN_TYPE = YES_ERROR;
				GCC_WARN_UNDECLARED_SELECTOR = YES;
				GCC_WARN_UNINITIALIZED_AUTOS = YES_AGGRESSIVE;
				GCC_WARN_UNUSED_FUNCTION = YES;
				GCC_WARN_UNUSED_VARIABLE = YES;
				IPHONEOS_DEPLOYMENT_TARGET = 16.0;
				MTL_ENABLE_DEBUG_INFO = INCLUDE_SOURCE;
				MTL_FAST_MATH = YES;
				ONLY_ACTIVE_ARCH = YES;
				SDKROOT = iphoneos;
				SWIFT_ACTIVE_COMPILATION_CONDITIONS = DEBUG;
				SWIFT_OPTIMIZATION_LEVEL = "-Onone";
			};
			name = Debug;
		};
		338B11592A25F31F00949D35 /* Release */ = {
			isa = XCBuildConfiguration;
			buildSettings = {
				ALWAYS_SEARCH_USER_PATHS = NO;
				CLANG_ANALYZER_NONNULL = YES;
				CLANG_ANALYZER_NUMBER_OBJECT_CONVERSION = YES_AGGRESSIVE;
				CLANG_CXX_LANGUAGE_STANDARD = "gnu++20";
				CLANG_ENABLE_MODULES = YES;
				CLANG_ENABLE_OBJC_ARC = YES;
				CLANG_ENABLE_OBJC_WEAK = YES;
				CLANG_WARN_BLOCK_CAPTURE_AUTORELEASING = YES;
				CLANG_WARN_BOOL_CONVERSION = YES;
				CLANG_WARN_COMMA = YES;
				CLANG_WARN_CONSTANT_CONVERSION = YES;
				CLANG_WARN_DEPRECATED_OBJC_IMPLEMENTATIONS = YES;
				CLANG_WARN_DIRECT_OBJC_ISA_USAGE = YES_ERROR;
				CLANG_WARN_DOCUMENTATION_COMMENTS = YES;
				CLANG_WARN_EMPTY_BODY = YES;
				CLANG_WARN_ENUM_CONVERSION = YES;
				CLANG_WARN_INFINITE_RECURSION = YES;
				CLANG_WARN_INT_CONVERSION = YES;
				CLANG_WARN_NON_LITERAL_NULL_CONVERSION = YES;
				CLANG_WARN_OBJC_IMPLICIT_RETAIN_SELF = YES;
				CLANG_WARN_OBJC_LITERAL_CONVERSION = YES;
				CLANG_WARN_OBJC_ROOT_CLASS = YES_ERROR;
				CLANG_WARN_QUOTED_INCLUDE_IN_FRAMEWORK_HEADER = YES;
				CLANG_WARN_RANGE_LOOP_ANALYSIS = YES;
				CLANG_WARN_STRICT_PROTOTYPES = YES;
				CLANG_WARN_SUSPICIOUS_MOVE = YES;
				CLANG_WARN_UNGUARDED_AVAILABILITY = YES_AGGRESSIVE;
				CLANG_WARN_UNREACHABLE_CODE = YES;
				CLANG_WARN__DUPLICATE_METHOD_MATCH = YES;
				COPY_PHASE_STRIP = NO;
				DEBUG_INFORMATION_FORMAT = "dwarf-with-dsym";
				ENABLE_NS_ASSERTIONS = NO;
				ENABLE_STRICT_OBJC_MSGSEND = YES;
				GCC_C_LANGUAGE_STANDARD = gnu11;
				GCC_NO_COMMON_BLOCKS = YES;
				GCC_WARN_64_TO_32_BIT_CONVERSION = YES;
				GCC_WARN_ABOUT_RETURN_TYPE = YES_ERROR;
				GCC_WARN_UNDECLARED_SELECTOR = YES;
				GCC_WARN_UNINITIALIZED_AUTOS = YES_AGGRESSIVE;
				GCC_WARN_UNUSED_FUNCTION = YES;
				GCC_WARN_UNUSED_VARIABLE = YES;
				IPHONEOS_DEPLOYMENT_TARGET = 16.0;
				MTL_ENABLE_DEBUG_INFO = NO;
				MTL_FAST_MATH = YES;
				SDKROOT = iphoneos;
				SWIFT_COMPILATION_MODE = wholemodule;
				SWIFT_OPTIMIZATION_LEVEL = "-O";
				VALIDATE_PRODUCT = YES;
			};
			name = Release;
		};
		338B115B2A25F31F00949D35 /* Debug */ = {
			isa = XCBuildConfiguration;
			buildSettings = {
				ASSETCATALOG_COMPILER_APPICON_NAME = AppIcon;
				ASSETCATALOG_COMPILER_GLOBAL_ACCENT_COLOR_NAME = AccentColor;
				CODE_SIGN_STYLE = Automatic;
				CURRENT_PROJECT_VERSION = 1;
				GENERATE_INFOPLIST_FILE = YES;
				INFOPLIST_FILE = first_app/Info.plist;
				INFOPLIST_KEY_UIApplicationSupportsIndirectInputEvents = YES;
				INFOPLIST_KEY_UILaunchStoryboardName = LaunchScreen;
				INFOPLIST_KEY_UIMainStoryboardFile = Main;
				INFOPLIST_KEY_UISupportedInterfaceOrientations_iPad = "UIInterfaceOrientationPortrait UIInterfaceOrientationPortraitUpsideDown UIInterfaceOrientationLandscapeLeft UIInterfaceOrientationLandscapeRight";
				INFOPLIST_KEY_UISupportedInterfaceOrientations_iPhone = "UIInterfaceOrientationPortrait UIInterfaceOrientationLandscapeLeft UIInterfaceOrientationLandscapeRight";
				LD_RUNPATH_SEARCH_PATHS = (
					"$(inherited)",
					"@executable_path/Frameworks",
				);
				MARKETING_VERSION = 1.0;
				PRODUCT_BUNDLE_IDENTIFIER = "tacorporation.first-app";
				PRODUCT_NAME = "$(TARGET_NAME)";
				SWIFT_EMIT_LOC_STRINGS = YES;
				SWIFT_VERSION = 5.0;
				TARGETED_DEVICE_FAMILY = "1,2";
			};
			name = Debug;
		};
		338B115C2A25F31F00949D35 /* Release */ = {
			isa = XCBuildConfiguration;
			buildSettings = {
				ASSETCATALOG_COMPILER_APPICON_NAME = AppIcon;
				ASSETCATALOG_COMPILER_GLOBAL_ACCENT_COLOR_NAME = AccentColor;
				CODE_SIGN_STYLE = Automatic;
				CURRENT_PROJECT_VERSION = 1;
				GENERATE_INFOPLIST_FILE = YES;
				INFOPLIST_FILE = first_app/Info.plist;
				INFOPLIST_KEY_UIApplicationSupportsIndirectInputEvents = YES;
				INFOPLIST_KEY_UILaunchStoryboardName = LaunchScreen;
				INFOPLIST_KEY_UIMainStoryboardFile = Main;
				INFOPLIST_KEY_UISupportedInterfaceOrientations_iPad = "UIInterfaceOrientationPortrait UIInterfaceOrientationPortraitUpsideDown UIInterfaceOrientationLandscapeLeft UIInterfaceOrientationLandscapeRight";
				INFOPLIST_KEY_UISupportedInterfaceOrientations_iPhone = "UIInterfaceOrientationPortrait UIInterfaceOrientationLandscapeLeft UIInterfaceOrientationLandscapeRight";
				LD_RUNPATH_SEARCH_PATHS = (
					"$(inherited)",
					"@executable_path/Frameworks",
				);
				MARKETING_VERSION = 1.0;
				PRODUCT_BUNDLE_IDENTIFIER = "tacorporation.first-app";
				PRODUCT_NAME = "$(TARGET_NAME)";
				SWIFT_EMIT_LOC_STRINGS = YES;
				SWIFT_VERSION = 5.0;
				TARGETED_DEVICE_FAMILY = "1,2";
			};
			name = Release;
		};
		338B115E2A25F31F00949D35 /* Debug */ = {
			isa = XCBuildConfiguration;
			buildSettings = {
				ALWAYS_EMBED_SWIFT_STANDARD_LIBRARIES = YES;
				BUNDLE_LOADER = "$(TEST_HOST)";
				CODE_SIGN_STYLE = Automatic;
				CURRENT_PROJECT_VERSION = 1;
				GENERATE_INFOPLIST_FILE = YES;
				IPHONEOS_DEPLOYMENT_TARGET = 16.0;
				MARKETING_VERSION = 1.0;
				PRODUCT_BUNDLE_IDENTIFIER = "tacorporation.first-appTests";
				PRODUCT_NAME = "$(TARGET_NAME)";
				SWIFT_EMIT_LOC_STRINGS = NO;
				SWIFT_VERSION = 5.0;
				TARGETED_DEVICE_FAMILY = "1,2";
				TEST_HOST = "$(BUILT_PRODUCTS_DIR)/first_app.app/$(BUNDLE_EXECUTABLE_FOLDER_PATH)/first_app";
			};
			name = Debug;
		};
		338B115F2A25F31F00949D35 /* Release */ = {
			isa = XCBuildConfiguration;
			buildSettings = {
				ALWAYS_EMBED_SWIFT_STANDARD_LIBRARIES = YES;
				BUNDLE_LOADER = "$(TEST_HOST)";
				CODE_SIGN_STYLE = Automatic;
				CURRENT_PROJECT_VERSION = 1;
				GENERATE_INFOPLIST_FILE = YES;
				IPHONEOS_DEPLOYMENT_TARGET = 16.0;
				MARKETING_VERSION = 1.0;
				PRODUCT_BUNDLE_IDENTIFIER = "tacorporation.first-appTests";
				PRODUCT_NAME = "$(TARGET_NAME)";
				SWIFT_EMIT_LOC_STRINGS = NO;
				SWIFT_VERSION = 5.0;
				TARGETED_DEVICE_FAMILY = "1,2";
				TEST_HOST = "$(BUILT_PRODUCTS_DIR)/first_app.app/$(BUNDLE_EXECUTABLE_FOLDER_PATH)/first_app";
			};
			name = Release;
		};
		338B11612A25F31F00949D35 /* Debug */ = {
			isa = XCBuildConfiguration;
			buildSettings = {
				ALWAYS_EMBED_SWIFT_STANDARD_LIBRARIES = YES;
				CODE_SIGN_STYLE = Automatic;
				CURRENT_PROJECT_VERSION = 1;
				GENERATE_INFOPLIST_FILE = YES;
				MARKETING_VERSION = 1.0;
				PRODUCT_BUNDLE_IDENTIFIER = "tacorporation.first-appUITests";
				PRODUCT_NAME = "$(TARGET_NAME)";
				SWIFT_EMIT_LOC_STRINGS = NO;
				SWIFT_VERSION = 5.0;
				TARGETED_DEVICE_FAMILY = "1,2";
				TEST_TARGET_NAME = first_app;
			};
			name = Debug;
		};
		338B11622A25F31F00949D35 /* Release */ = {
			isa = XCBuildConfiguration;
			buildSettings = {
				ALWAYS_EMBED_SWIFT_STANDARD_LIBRARIES = YES;
				CODE_SIGN_STYLE = Automatic;
				CURRENT_PROJECT_VERSION = 1;
				GENERATE_INFOPLIST_FILE = YES;
				MARKETING_VERSION = 1.0;
				PRODUCT_BUNDLE_IDENTIFIER = "tacorporation.first-appUITests";
				PRODUCT_NAME = "$(TARGET_NAME)";
				SWIFT_EMIT_LOC_STRINGS = NO;
				SWIFT_VERSION = 5.0;
				TARGETED_DEVICE_FAMILY = "1,2";
				TEST_TARGET_NAME = first_app;
			};
			name = Release;
		};
/* End XCBuildConfiguration section */

/* Begin XCConfigurationList section */
		338B112B2A25F31D00949D35 /* Build configuration list for PBXProject "first_app" */ = {
			isa = XCConfigurationList;
			buildConfigurations = (
				338B11582A25F31F00949D35 /* Debug */,
				338B11592A25F31F00949D35 /* Release */,
			);
			defaultConfigurationIsVisible = 0;
			defaultConfigurationName = Release;
		};
		338B115A2A25F31F00949D35 /* Build configuration list for PBXNativeTarget "first_app" */ = {
			isa = XCConfigurationList;
			buildConfigurations = (
				338B115B2A25F31F00949D35 /* Debug */,
				338B115C2A25F31F00949D35 /* Release */,
			);
			defaultConfigurationIsVisible = 0;
			defaultConfigurationName = Release;
		};
		338B115D2A25F31F00949D35 /* Build configuration list for PBXNativeTarget "first_appTests" */ = {
			isa = XCConfigurationList;
			buildConfigurations = (
				338B115E2A25F31F00949D35 /* Debug */,
				338B115F2A25F31F00949D35 /* Release */,
			);
			defaultConfigurationIsVisible = 0;
			defaultConfigurationName = Release;
		};
		338B11602A25F31F00949D35 /* Build configuration list for PBXNativeTarget "first_appUITests" */ = {
			isa = XCConfigurationList;
			buildConfigurations = (
				338B11612A25F31F00949D35 /* Debug */,
				338B11622A25F31F00949D35 /* Release */,
			);
			defaultConfigurationIsVisible = 0;
			defaultConfigurationName = Release;
		};
/* End XCConfigurationList section */
	};
	rootObject = 338B11282A25F31D00949D35 /* Project object */;
}
